
Microsoft Visual Studio Solution File, Format Version 12.00
Project("{FAE04EC0-301F-11D3-BF4B-00C04F79EFBC}") = "ConsoleUI", "ConsoleUI\ConsoleUI.csproj", "{EF44D072-AE32-474D-B552-CF00FD43FBE3}"
EndProject
Project("{2150E333-8FDC-42A3-9474-1A3956D46DE8}") = "Solution Items", "Solution Items", "{A230D026-5188-4893-84C5-3813B140F7C1}"
	ProjectSection(SolutionItems) = preProject
		.gitignore = .gitignore
	EndProjectSection
EndProject
Global
	GlobalSection(SolutionConfigurationPlatforms) = preSolution
		Debug|Any CPU = Debug|Any CPU
		Release|Any CPU = Release|Any CPU
	EndGlobalSection
	GlobalSection(ProjectConfigurationPlatforms) = postSolution
		{EF44D072-AE32-474D-B552-CF00FD43FBE3}.Debug|Any CPU.ActiveCfg = Debug|Any CPU
		{EF44D072-AE32-474D-B552-CF00FD43FBE3}.Debug|Any CPU.Build.0 = Debug|Any CPU
		{EF44D072-AE32-474D-B552-CF00FD43FBE3}.Release|Any CPU.ActiveCfg = Release|Any CPU
		{EF44D072-AE32-474D-B552-CF00FD43FBE3}.Release|Any CPU.Build.0 = Release|Any CPU
	EndGlobalSection
EndGlobal
